
Microsoft Visual Studio Solution File, Format Version 12.00
# Visual Studio Version 16
VisualStudioVersion = 16.0.29920.165
MinimumVisualStudioVersion = 10.0.40219.1
Project("{FAE04EC0-301F-11D3-BF4B-00C04F79EFBC}") = "CourseWork", "CourseWork\CourseWork.csproj", "{E79ADE24-51F8-4179-B9E2-5742E660FCDA}"
EndProject
Global
	GlobalSection(SolutionConfigurationPlatforms) = preSolution
		Debug|Any CPU = Debug|Any CPU
		Release|Any CPU = Release|Any CPU
	EndGlobalSection
	GlobalSection(ProjectConfigurationPlatforms) = postSolution
		{E79ADE24-51F8-4179-B9E2-5742E660FCDA}.Debug|Any CPU.ActiveCfg = Debug|Any CPU
		{E79ADE24-51F8-4179-B9E2-5742E660FCDA}.Debug|Any CPU.Build.0 = Debug|Any CPU
		{E79ADE24-51F8-4179-B9E2-5742E660FCDA}.Release|Any CPU.ActiveCfg = Release|Any CPU
		{E79ADE24-51F8-4179-B9E2-5742E660FCDA}.Release|Any CPU.Build.0 = Release|Any CPU
	EndGlobalSection
	GlobalSection(SolutionProperties) = preSolution
		HideSolutionNode = FALSE
	EndGlobalSection
	GlobalSection(ExtensibilityGlobals) = postSolution
		SolutionGuid = {EDDC2AFE-40DE-4830-ABB8-60EE814BF43B}
	EndGlobalSection
EndGlobal
